Microsoft Visual Studio Solution File, Format Version 12.00
# Visual Studio Version 17
VisualStudioVersion = 17.5.2.0
MinimumVisualStudioVersion = 10.0.40219.1
Project("{FAE04EC0-301F-11D3-BF4B-00C04F79EFBC}") = "07-Construtor", "07-Construtor.csproj", "{70954BA7-F340-E405-DE39-00FAE7D35D2B}"
EndProject
Global
	GlobalSection(SolutionConfigurationPlatforms) = preSolution
		Debug|Any CPU = Debug|Any CPU
		Release|Any CPU = Release|Any CPU
	EndGlobalSection
	GlobalSection(ProjectConfigurationPlatforms) = postSolution
		{70954BA7-F340-E405-DE39-00FAE7D35D2B}.Debug|Any CPU.ActiveCfg = Debug|Any CPU
		{70954BA7-F340-E405-DE39-00FAE7D35D2B}.Debug|Any CPU.Build.0 = Debug|Any CPU
		{70954BA7-F340-E405-DE39-00FAE7D35D2B}.Release|Any CPU.ActiveCfg = Release|Any CPU
		{70954BA7-F340-E405-DE39-00FAE7D35D2B}.Release|Any CPU.Build.0 = Release|Any CPU
	EndGlobalSection
	GlobalSection(SolutionProperties) = preSolution
		HideSolutionNode = FALSE
	EndGlobalSection
	GlobalSection(ExtensibilityGlobals) = postSolution
		SolutionGuid = {9B372E84-F62E-4546-9299-E0E606E3EB4A}
	EndGlobalSection
EndGlobal
