
Microsoft Visual Studio Solution File, Format Version 12.00
# Visual Studio Version 17
VisualStudioVersion = 17.5.2.0
MinimumVisualStudioVersion = 10.0.40219.1
Project("{FAE04EC0-301F-11D3-BF4B-00C04F79EFBC}") = "10-Herança", "10-Herança.csproj", "{9182E3DE-FF8A-56D2-49DC-CF2C1411DD1B}"
EndProject
Global
	GlobalSection(SolutionConfigurationPlatforms) = preSolution
		Debug|Any CPU = Debug|Any CPU
		Release|Any CPU = Release|Any CPU
	EndGlobalSection
	GlobalSection(ProjectConfigurationPlatforms) = postSolution
		{9182E3DE-FF8A-56D2-49DC-CF2C1411DD1B}.Debug|Any CPU.ActiveCfg = Debug|Any CPU
		{9182E3DE-FF8A-56D2-49DC-CF2C1411DD1B}.Debug|Any CPU.Build.0 = Debug|Any CPU
		{9182E3DE-FF8A-56D2-49DC-CF2C1411DD1B}.Release|Any CPU.ActiveCfg = Release|Any CPU
		{9182E3DE-FF8A-56D2-49DC-CF2C1411DD1B}.Release|Any CPU.Build.0 = Release|Any CPU
	EndGlobalSection
	GlobalSection(SolutionProperties) = preSolution
		HideSolutionNode = FALSE
	EndGlobalSection
	GlobalSection(ExtensibilityGlobals) = postSolution
		SolutionGuid = {A50604A6-6B1B-4936-92F6-760CD76A7B81}
	EndGlobalSection
EndGlobal
